// !$*UTF8*$!
{
	archiveVersion = 1;
	classes = {
	};
	objectVersion = 50;
	objects = {

/* Begin PBXBuildFile section */
		E8626F72269B0CBE00A6DAC7 /* AppDelegate.swift in Sources */ = {isa = PBXBuildFile; fileRef = E8626F71269B0CBE00A6DAC7 /* AppDelegate.swift */; };
		E8626F76269B0CBE00A6DAC7 /* CurrentWeatherViewController.swift in Sources */ = {isa = PBXBuildFile; fileRef = E8626F75269B0CBE00A6DAC7 /* CurrentWeatherViewController.swift */; };
		E8626F7B269B0CBF00A6DAC7 /* Assets.xcassets in Resources */ = {isa = PBXBuildFile; fileRef = E8626F7A269B0CBF00A6DAC7 /* Assets.xcassets */; };
		E8626F7E269B0CBF00A6DAC7 /* LaunchScreen.storyboard in Resources */ = {isa = PBXBuildFile; fileRef = E8626F7C269B0CBF00A6DAC7 /* LaunchScreen.storyboard */; };
		E8626F87269E290500A6DAC7 /* CurrentWeatherModels.swift in Sources */ = {isa = PBXBuildFile; fileRef = E8626F86269E290500A6DAC7 /* CurrentWeatherModels.swift */; };
		E8626F8D26A304C200A6DAC7 /* HoursWeatherViewController.swift in Sources */ = {isa = PBXBuildFile; fileRef = E8626F8C26A304C200A6DAC7 /* HoursWeatherViewController.swift */; };
		E8626F9326A3B10B00A6DAC7 /* NetworManagerProtocol.swift in Sources */ = {isa = PBXBuildFile; fileRef = E8626F9226A3B10B00A6DAC7 /* NetworManagerProtocol.swift */; };
		E8626F9526A3B44D00A6DAC7 /* NetworkManager.swift in Sources */ = {isa = PBXBuildFile; fileRef = E8626F9426A3B44D00A6DAC7 /* NetworkManager.swift */; };
		E8B5D81C26A47B110031E09C /* WeatherTableViewCell.swift in Sources */ = {isa = PBXBuildFile; fileRef = E8B5D81B26A47B110031E09C /* WeatherTableViewCell.swift */; };
		E8B5D82026A4B9380031E09C /* HoursPresenter.swift in Sources */ = {isa = PBXBuildFile; fileRef = E8B5D81F26A4B9380031E09C /* HoursPresenter.swift */; };
		E8B5D82226A4C1350031E09C /* FiveDaysWeatherModels.swift in Sources */ = {isa = PBXBuildFile; fileRef = E8B5D82126A4C1350031E09C /* FiveDaysWeatherModels.swift */; };
		E8B5D82826A60DFD0031E09C /* CollectionWeatherViewController.swift in Sources */ = {isa = PBXBuildFile; fileRef = E8B5D82726A60DFD0031E09C /* CollectionWeatherViewController.swift */; };
		E8B5D82B26A6C29B0031E09C /* CurrentWeatherPresenter.swift in Sources */ = {isa = PBXBuildFile; fileRef = E8B5D82A26A6C29B0031E09C /* CurrentWeatherPresenter.swift */; };
/* End PBXBuildFile section */

/* Begin PBXFileReference section */
		E8626F6E269B0CBE00A6DAC7 /* WeatherAppProject.app */ = {isa = PBXFileReference; explicitFileType = wrapper.application; includeInIndex = 0; path = WeatherAppProject.app; sourceTree = BUILT_PRODUCTS_DIR; };
		E8626F71269B0CBE00A6DAC7 /* AppDelegate.swift */ = {isa = PBXFileReference; lastKnownFileType = sourcecode.swift; path = AppDelegate.swift; sourceTree = "<group>"; };
		E8626F75269B0CBE00A6DAC7 /* CurrentWeatherViewController.swift */ = {isa = PBXFileReference; lastKnownFileType = sourcecode.swift; path = CurrentWeatherViewController.swift; sourceTree = "<group>"; };
		E8626F7A269B0CBF00A6DAC7 /* Assets.xcassets */ = {isa = PBXFileReference; lastKnownFileType = folder.assetcatalog; path = Assets.xcassets; sourceTree = "<group>"; };
		E8626F7D269B0CBF00A6DAC7 /* Base */ = {isa = PBXFileReference; lastKnownFileType = file.storyboard; name = Base; path = Base.lproj/LaunchScreen.storyboard; sourceTree = "<group>"; };
		E8626F7F269B0CBF00A6DAC7 /* Info.plist */ = {isa = PBXFileReference; lastKnownFileType = text.plist.xml; path = Info.plist; sourceTree = "<group>"; };
		E8626F86269E290500A6DAC7 /* CurrentWeatherModels.swift */ = {isa = PBXFileReference; lastKnownFileType = sourcecode.swift; path = CurrentWeatherModels.swift; sourceTree = "<group>"; };
		E8626F8C26A304C200A6DAC7 /* HoursWeatherViewController.swift */ = {isa = PBXFileReference; lastKnownFileType = sourcecode.swift; path = HoursWeatherViewController.swift; sourceTree = "<group>"; };
		E8626F9226A3B10B00A6DAC7 /* NetworManagerProtocol.swift */ = {isa = PBXFileReference; lastKnownFileType = sourcecode.swift; path = NetworManagerProtocol.swift; sourceTree = "<group>"; };
		E8626F9426A3B44D00A6DAC7 /* NetworkManager.swift */ = {isa = PBXFileReference; lastKnownFileType = sourcecode.swift; path = NetworkManager.swift; sourceTree = "<group>"; };
		E8B5D81B26A47B110031E09C /* WeatherTableViewCell.swift */ = {isa = PBXFileReference; lastKnownFileType = sourcecode.swift; path = WeatherTableViewCell.swift; sourceTree = "<group>"; };
		E8B5D81F26A4B9380031E09C /* HoursPresenter.swift */ = {isa = PBXFileReference; lastKnownFileType = sourcecode.swift; path = HoursPresenter.swift; sourceTree = "<group>"; };
		E8B5D82126A4C1350031E09C /* FiveDaysWeatherModels.swift */ = {isa = PBXFileReference; lastKnownFileType = sourcecode.swift; path = FiveDaysWeatherModels.swift; sourceTree = "<group>"; };
		E8B5D82726A60DFD0031E09C /* CollectionWeatherViewController.swift */ = {isa = PBXFileReference; lastKnownFileType = sourcecode.swift; path = CollectionWeatherViewController.swift; sourceTree = "<group>"; };
		E8B5D82A26A6C29B0031E09C /* CurrentWeatherPresenter.swift */ = {isa = PBXFileReference; lastKnownFileType = sourcecode.swift; path = CurrentWeatherPresenter.swift; sourceTree = "<group>"; };
/* End PBXFileReference section */

/* Begin PBXFrameworksBuildPhase section */
		E8626F6B269B0CBE00A6DAC7 /* Frameworks */ = {
			isa = PBXFrameworksBuildPhase;
			buildActionMask = 2147483647;
			files = (
			);
			runOnlyForDeploymentPostprocessing = 0;
		};
/* End PBXFrameworksBuildPhase section */

/* Begin PBXGroup section */
		E8626F65269B0CBE00A6DAC7 = {
			isa = PBXGroup;
			children = (
				E8626F70269B0CBE00A6DAC7 /* WeatherAppProject */,
				E8626F6F269B0CBE00A6DAC7 /* Products */,
			);
			sourceTree = "<group>";
		};
		E8626F6F269B0CBE00A6DAC7 /* Products */ = {
			isa = PBXGroup;
			children = (
				E8626F6E269B0CBE00A6DAC7 /* WeatherAppProject.app */,
			);
			name = Products;
			sourceTree = "<group>";
		};
		E8626F70269B0CBE00A6DAC7 /* WeatherAppProject */ = {
			isa = PBXGroup;
			children = (
				E8B5D82926A6C24C0031E09C /* CurrentWeather */,
				E8B5D82626A60DBD0031E09C /* CollectionWeather */,
				E8B5D81E26A4B9140031E09C /* HoursWeather */,
				E8626F8E26A38CBF00A6DAC7 /* Network */,
				E8626F85269E28EB00A6DAC7 /* models */,
				E8626F71269B0CBE00A6DAC7 /* AppDelegate.swift */,
				E8626F7A269B0CBF00A6DAC7 /* Assets.xcassets */,
				E8626F7C269B0CBF00A6DAC7 /* LaunchScreen.storyboard */,
				E8626F7F269B0CBF00A6DAC7 /* Info.plist */,
				E8B5D81B26A47B110031E09C /* WeatherTableViewCell.swift */,
			);
			path = WeatherAppProject;
			sourceTree = "<group>";
		};
		E8626F85269E28EB00A6DAC7 /* models */ = {
			isa = PBXGroup;
			children = (
				E8626F86269E290500A6DAC7 /* CurrentWeatherModels.swift */,
				E8B5D82126A4C1350031E09C /* FiveDaysWeatherModels.swift */,
			);
			path = models;
			sourceTree = "<group>";
		};
		E8626F8E26A38CBF00A6DAC7 /* Network */ = {
			isa = PBXGroup;
			children = (
				E8626F9226A3B10B00A6DAC7 /* NetworManagerProtocol.swift */,
				E8626F9426A3B44D00A6DAC7 /* NetworkManager.swift */,
			);
			path = Network;
			sourceTree = "<group>";
		};
		E8B5D81E26A4B9140031E09C /* HoursWeather */ = {
			isa = PBXGroup;
			children = (
				E8B5D81F26A4B9380031E09C /* HoursPresenter.swift */,
				E8626F8C26A304C200A6DAC7 /* HoursWeatherViewController.swift */,
			);
			path = HoursWeather;
			sourceTree = "<group>";
		};
		E8B5D82626A60DBD0031E09C /* CollectionWeather */ = {
			isa = PBXGroup;
			children = (
				E8B5D82726A60DFD0031E09C /* CollectionWeatherViewController.swift */,
			);
			path = CollectionWeather;
			sourceTree = "<group>";
		};
		E8B5D82926A6C24C0031E09C /* CurrentWeather */ = {
			isa = PBXGroup;
			children = (
				E8626F75269B0CBE00A6DAC7 /* CurrentWeatherViewController.swift */,
				E8B5D82A26A6C29B0031E09C /* CurrentWeatherPresenter.swift */,
			);
			path = CurrentWeather;
			sourceTree = "<group>";
		};
/* End PBXGroup section */

/* Begin PBXNativeTarget section */
		E8626F6D269B0CBE00A6DAC7 /* WeatherAppProject */ = {
			isa = PBXNativeTarget;
			buildConfigurationList = E8626F82269B0CBF00A6DAC7 /* Build configuration list for PBXNativeTarget "WeatherAppProject" */;
			buildPhases = (
				E8626F6A269B0CBE00A6DAC7 /* Sources */,
				E8626F6B269B0CBE00A6DAC7 /* Frameworks */,
				E8626F6C269B0CBE00A6DAC7 /* Resources */,
			);
			buildRules = (
			);
			dependencies = (
			);
			name = WeatherAppProject;
			productName = WeatherAppProject;
			productReference = E8626F6E269B0CBE00A6DAC7 /* WeatherAppProject.app */;
			productType = "com.apple.product-type.application";
		};
/* End PBXNativeTarget section */

/* Begin PBXProject section */
		E8626F66269B0CBE00A6DAC7 /* Project object */ = {
			isa = PBXProject;
			attributes = {
				LastSwiftUpdateCheck = 1250;
				LastUpgradeCheck = 1250;
				TargetAttributes = {
					E8626F6D269B0CBE00A6DAC7 = {
						CreatedOnToolsVersion = 12.5.1;
					};
				};
			};
			buildConfigurationList = E8626F69269B0CBE00A6DAC7 /* Build configuration list for PBXProject "WeatherAppProject" */;
			compatibilityVersion = "Xcode 9.3";
			developmentRegion = en;
			hasScannedForEncodings = 0;
			knownRegions = (
				en,
				Base,
			);
			mainGroup = E8626F65269B0CBE00A6DAC7;
			productRefGroup = E8626F6F269B0CBE00A6DAC7 /* Products */;
			projectDirPath = "";
			projectRoot = "";
			targets = (
				E8626F6D269B0CBE00A6DAC7 /* WeatherAppProject */,
			);
		};
/* End PBXProject section */

/* Begin PBXResourcesBuildPhase section */
		E8626F6C269B0CBE00A6DAC7 /* Resources */ = {
			isa = PBXResourcesBuildPhase;
			buildActionMask = 2147483647;
			files = (
				E8626F7E269B0CBF00A6DAC7 /* LaunchScreen.storyboard in Resources */,
				E8626F7B269B0CBF00A6DAC7 /* Assets.xcassets in Resources */,
			);
			runOnlyForDeploymentPostprocessing = 0;
		};
/* End PBXResourcesBuildPhase section */

/* Begin PBXSourcesBuildPhase section */
		E8626F6A269B0CBE00A6DAC7 /* Sources */ = {
			isa = PBXSourcesBuildPhase;
			buildActionMask = 2147483647;
			files = (
				E8B5D82026A4B9380031E09C /* HoursPresenter.swift in Sources */,
				E8626F8D26A304C200A6DAC7 /* HoursWeatherViewController.swift in Sources */,
				E8626F87269E290500A6DAC7 /* CurrentWeatherModels.swift in Sources */,
				E8B5D81C26A47B110031E09C /* WeatherTableViewCell.swift in Sources */,
				E8B5D82226A4C1350031E09C /* FiveDaysWeatherModels.swift in Sources */,
				E8B5D82B26A6C29B0031E09C /* CurrentWeatherPresenter.swift in Sources */,
				E8B5D82826A60DFD0031E09C /* CollectionWeatherViewController.swift in Sources */,
				E8626F9526A3B44D00A6DAC7 /* NetworkManager.swift in Sources */,
				E8626F9326A3B10B00A6DAC7 /* NetworManagerProtocol.swift in Sources */,
				E8626F76269B0CBE00A6DAC7 /* CurrentWeatherViewController.swift in Sources */,
				E8626F72269B0CBE00A6DAC7 /* AppDelegate.swift in Sources */,
			);
			runOnlyForDeploymentPostprocessing = 0;
		};
/* End PBXSourcesBuildPhase section */

/* Begin PBXVariantGroup section */
		E8626F7C269B0CBF00A6DAC7 /* LaunchScreen.storyboard */ = {
			isa = PBXVariantGroup;
			children = (
				E8626F7D269B0CBF00A6DAC7 /* Base */,
			);
			name = LaunchScreen.storyboard;
			sourceTree = "<group>";
		};
/* End PBXVariantGroup section */

/* Begin XCBuildConfiguration section */
		E8626F80269B0CBF00A6DAC7 /* Debug */ = {
			isa = XCBuildConfiguration;
			buildSettings = {
				ALWAYS_SEARCH_USER_PATHS = NO;
				CLANG_ANALYZER_NONNULL = YES;
				CLANG_ANALYZER_NUMBER_OBJECT_CONVERSION = YES_AGGRESSIVE;
				CLANG_CXX_LANGUAGE_STANDARD = "gnu++14";
				CLANG_CXX_LIBRARY = "libc++";
				CLANG_ENABLE_MODULES = YES;
				CLANG_ENABLE_OBJC_ARC = YES;
				CLANG_ENABLE_OBJC_WEAK = YES;
				CLANG_WARN_BLOCK_CAPTURE_AUTORELEASING = YES;
				CLANG_WARN_BOOL_CONVERSION = YES;
				CLANG_WARN_COMMA = YES;
				CLANG_WARN_CONSTANT_CONVERSION = YES;
				CLANG_WARN_DEPRECATED_OBJC_IMPLEMENTATIONS = YES;
				CLANG_WARN_DIRECT_OBJC_ISA_USAGE = YES_ERROR;
				CLANG_WARN_DOCUMENTATION_COMMENTS = YES;
				CLANG_WARN_EMPTY_BODY = YES;
				CLANG_WARN_ENUM_CONVERSION = YES;
				CLANG_WARN_INFINITE_RECURSION = YES;
				CLANG_WARN_INT_CONVERSION = YES;
				CLANG_WARN_NON_LITERAL_NULL_CONVERSION = YES;
				CLANG_WARN_OBJC_IMPLICIT_RETAIN_SELF = YES;
				CLANG_WARN_OBJC_LITERAL_CONVERSION = YES;
				CLANG_WARN_OBJC_ROOT_CLASS = YES_ERROR;
				CLANG_WARN_QUOTED_INCLUDE_IN_FRAMEWORK_HEADER = YES;
				CLANG_WARN_RANGE_LOOP_ANALYSIS = YES;
				CLANG_WARN_STRICT_PROTOTYPES = YES;
				CLANG_WARN_SUSPICIOUS_MOVE = YES;
				CLANG_WARN_UNGUARDED_AVAILABILITY = YES_AGGRESSIVE;
				CLANG_WARN_UNREACHABLE_CODE = YES;
				CLANG_WARN__DUPLICATE_METHOD_MATCH = YES;
				COPY_PHASE_STRIP = NO;
				DEBUG_INFORMATION_FORMAT = dwarf;
				ENABLE_STRICT_OBJC_MSGSEND = YES;
				ENABLE_TESTABILITY = YES;
				GCC_C_LANGUAGE_STANDARD = gnu11;
				GCC_DYNAMIC_NO_PIC = NO;
				GCC_NO_COMMON_BLOCKS = YES;
				GCC_OPTIMIZATION_LEVEL = 0;
				GCC_PREPROCESSOR_DEFINITIONS = (
					"DEBUG=1",
					"$(inherited)",
				);
				GCC_WARN_64_TO_32_BIT_CONVERSION = YES;
				GCC_WARN_ABOUT_RETURN_TYPE = YES_ERROR;
				GCC_WARN_UNDECLARED_SELECTOR = YES;
				GCC_WARN_UNINITIALIZED_AUTOS = YES_AGGRESSIVE;
				GCC_WARN_UNUSED_FUNCTION = YES;
				GCC_WARN_UNUSED_VARIABLE = YES;
				IPHONEOS_DEPLOYMENT_TARGET = 14.5;
				MTL_ENABLE_DEBUG_INFO = INCLUDE_SOURCE;
				MTL_FAST_MATH = YES;
				ONLY_ACTIVE_ARCH = YES;
				SDKROOT = iphoneos;
				SWIFT_ACTIVE_COMPILATION_CONDITIONS = DEBUG;
				SWIFT_OPTIMIZATION_LEVEL = "-Onone";
			};
			name = Debug;
		};
		E8626F81269B0CBF00A6DAC7 /* Release */ = {
			isa = XCBuildConfiguration;
			buildSettings = {
				ALWAYS_SEARCH_USER_PATHS = NO;
				CLANG_ANALYZER_NONNULL = YES;
				CLANG_ANALYZER_NUMBER_OBJECT_CONVERSION = YES_AGGRESSIVE;
				CLANG_CXX_LANGUAGE_STANDARD = "gnu++14";
				CLANG_CXX_LIBRARY = "libc++";
				CLANG_ENABLE_MODULES = YES;
				CLANG_ENABLE_OBJC_ARC = YES;
				CLANG_ENABLE_OBJC_WEAK = YES;
				CLANG_WARN_BLOCK_CAPTURE_AUTORELEASING = YES;
				CLANG_WARN_BOOL_CONVERSION = YES;
				CLANG_WARN_COMMA = YES;
				CLANG_WARN_CONSTANT_CONVERSION = YES;
				CLANG_WARN_DEPRECATED_OBJC_IMPLEMENTATIONS = YES;
				CLANG_WARN_DIRECT_OBJC_ISA_USAGE = YES_ERROR;
				CLANG_WARN_DOCUMENTATION_COMMENTS = YES;
				CLANG_WARN_EMPTY_BODY = YES;
				CLANG_WARN_ENUM_CONVERSION = YES;
				CLANG_WARN_INFINITE_RECURSION = YES;
				CLANG_WARN_INT_CONVERSION = YES;
				CLANG_WARN_NON_LITERAL_NULL_CONVERSION = YES;
				CLANG_WARN_OBJC_IMPLICIT_RETAIN_SELF = YES;
				CLANG_WARN_OBJC_LITERAL_CONVERSION = YES;
				CLANG_WARN_OBJC_ROOT_CLASS = YES_ERROR;
				CLANG_WARN_QUOTED_INCLUDE_IN_FRAMEWORK_HEADER = YES;
				CLANG_WARN_RANGE_LOOP_ANALYSIS = YES;
				CLANG_WARN_STRICT_PROTOTYPES = YES;
				CLANG_WARN_SUSPICIOUS_MOVE = YES;
				CLANG_WARN_UNGUARDED_AVAILABILITY = YES_AGGRESSIVE;
				CLANG_WARN_UNREACHABLE_CODE = YES;
				CLANG_WARN__DUPLICATE_METHOD_MATCH = YES;
				COPY_PHASE_STRIP = NO;
				DEBUG_INFORMATION_FORMAT = "dwarf-with-dsym";
				ENABLE_NS_ASSERTIONS = NO;
				ENABLE_STRICT_OBJC_MSGSEND = YES;
				GCC_C_LANGUAGE_STANDARD = gnu11;
				GCC_NO_COMMON_BLOCKS = YES;
				GCC_WARN_64_TO_32_BIT_CONVERSION = YES;
				GCC_WARN_ABOUT_RETURN_TYPE = YES_ERROR;
				GCC_WARN_UNDECLARED_SELECTOR = YES;
				GCC_WARN_UNINITIALIZED_AUTOS = YES_AGGRESSIVE;
				GCC_WARN_UNUSED_FUNCTION = YES;
				GCC_WARN_UNUSED_VARIABLE = YES;
				IPHONEOS_DEPLOYMENT_TARGET = 14.5;
				MTL_ENABLE_DEBUG_INFO = NO;
				MTL_FAST_MATH = YES;
				SDKROOT = iphoneos;
				SWIFT_COMPILATION_MODE = wholemodule;
				SWIFT_OPTIMIZATION_LEVEL = "-O";
				VALIDATE_PRODUCT = YES;
			};
			name = Release;
		};
		E8626F83269B0CBF00A6DAC7 /* Debug */ = {
			isa = XCBuildConfiguration;
			buildSettings = {
				ASSETCATALOG_COMPILER_APPICON_NAME = AppIcon;
				ASSETCATALOG_COMPILER_GLOBAL_ACCENT_COLOR_NAME = AccentColor;
				CODE_SIGN_STYLE = Automatic;
				INFOPLIST_FILE = WeatherAppProject/Info.plist;
				LD_RUNPATH_SEARCH_PATHS = (
					"$(inherited)",
					"@executable_path/Frameworks",
				);
				PRODUCT_BUNDLE_IDENTIFIER = None.WeatherAppProject;
				PRODUCT_NAME = "$(TARGET_NAME)";
				SWIFT_VERSION = 5.0;
				TARGETED_DEVICE_FAMILY = "1,2";
			};
			name = Debug;
		};
		E8626F84269B0CBF00A6DAC7 /* Release */ = {
			isa = XCBuildConfiguration;
			buildSettings = {
				ASSETCATALOG_COMPILER_APPICON_NAME = AppIcon;
				ASSETCATALOG_COMPILER_GLOBAL_ACCENT_COLOR_NAME = AccentColor;
				CODE_SIGN_STYLE = Automatic;
				INFOPLIST_FILE = WeatherAppProject/Info.plist;
				LD_RUNPATH_SEARCH_PATHS = (
					"$(inherited)",
					"@executable_path/Frameworks",
				);
				PRODUCT_BUNDLE_IDENTIFIER = None.WeatherAppProject;
				PRODUCT_NAME = "$(TARGET_NAME)";
				SWIFT_VERSION = 5.0;
				TARGETED_DEVICE_FAMILY = "1,2";
			};
			name = Release;
		};
/* End XCBuildConfiguration section */

/* Begin XCConfigurationList section */
		E8626F69269B0CBE00A6DAC7 /* Build configuration list for PBXProject "WeatherAppProject" */ = {
			isa = XCConfigurationList;
			buildConfigurations = (
				E8626F80269B0CBF00A6DAC7 /* Debug */,
				E8626F81269B0CBF00A6DAC7 /* Release */,
			);
			defaultConfigurationIsVisible = 0;
			defaultConfigurationName = Release;
		};
		E8626F82269B0CBF00A6DAC7 /* Build configuration list for PBXNativeTarget "WeatherAppProject" */ = {
			isa = XCConfigurationList;
			buildConfigurations = (
				E8626F83269B0CBF00A6DAC7 /* Debug */,
				E8626F84269B0CBF00A6DAC7 /* Release */,
			);
			defaultConfigurationIsVisible = 0;
			defaultConfigurationName = Release;
		};
/* End XCConfigurationList section */
	};
	rootObject = E8626F66269B0CBE00A6DAC7 /* Project object */;
}
